
Microsoft Visual Studio Solution File, Format Version 12.00
# Visual Studio Version 16
VisualStudioVersion = 16.0.31229.75
MinimumVisualStudioVersion = 10.0.40219.1
Project("{9A19103F-16F7-4668-BE54-9A1E7A4F7556}") = "WebSocketTest", "WebSocketTest\WebSocketTest.csproj", "{AC902ABE-C00E-4334-9704-C2D4FB0908C8}"
EndProject
Project("{FAE04EC0-301F-11D3-BF4B-00C04F79EFBC}") = "Lib", "Lib\Lib.csproj", "{9F553A55-6D7F-42D5-A408-B902A37CF3AE}"
EndProject
Global
	GlobalSection(SolutionConfigurationPlatforms) = preSolution
		Debug|Any CPU = Debug|Any CPU
		Release|Any CPU = Release|Any CPU
	EndGlobalSection
	GlobalSection(ProjectConfigurationPlatforms) = postSolution
		{AC902ABE-C00E-4334-9704-C2D4FB0908C8}.Debug|Any CPU.ActiveCfg = Debug|Any CPU
		{AC902ABE-C00E-4334-9704-C2D4FB0908C8}.Debug|Any CPU.Build.0 = Debug|Any CPU
		{AC902ABE-C00E-4334-9704-C2D4FB0908C8}.Release|Any CPU.ActiveCfg = Release|Any CPU
		{AC902ABE-C00E-4334-9704-C2D4FB0908C8}.Release|Any CPU.Build.0 = Release|Any CPU
		{9F553A55-6D7F-42D5-A408-B902A37CF3AE}.Debug|Any CPU.ActiveCfg = Debug|Any CPU
		{9F553A55-6D7F-42D5-A408-B902A37CF3AE}.Debug|Any CPU.Build.0 = Debug|Any CPU
		{9F553A55-6D7F-42D5-A408-B902A37CF3AE}.Release|Any CPU.ActiveCfg = Release|Any CPU
		{9F553A55-6D7F-42D5-A408-B902A37CF3AE}.Release|Any CPU.Build.0 = Release|Any CPU
	EndGlobalSection
	GlobalSection(SolutionProperties) = preSolution
		HideSolutionNode = FALSE
	EndGlobalSection
	GlobalSection(ExtensibilityGlobals) = postSolution
		SolutionGuid = {F5097A61-E3EA-454E-9383-DF02C301D692}
	EndGlobalSection
EndGlobal
